
Microsoft Visual Studio Solution File, Format Version 12.00
# Visual Studio Version 17
VisualStudioVersion = 17.4.33110.190
MinimumVisualStudioVersion = 10.0.40219.1
Project("{FAE04EC0-301F-11D3-BF4B-00C04F79EFBC}") = "Graded_Project_Week_1", "Graded_Project_Week_1\Graded_Project_Week_1.csproj", "{5CB74573-726A-4373-994D-2E15BF70A488}"
EndProject
Global
	GlobalSection(SolutionConfigurationPlatforms) = preSolution
		Debug|Any CPU = Debug|Any CPU
		Release|Any CPU = Release|Any CPU
	EndGlobalSection
	GlobalSection(ProjectConfigurationPlatforms) = postSolution
		{5CB74573-726A-4373-994D-2E15BF70A488}.Debug|Any CPU.ActiveCfg = Debug|Any CPU
		{5CB74573-726A-4373-994D-2E15BF70A488}.Debug|Any CPU.Build.0 = Debug|Any CPU
		{5CB74573-726A-4373-994D-2E15BF70A488}.Release|Any CPU.ActiveCfg = Release|Any CPU
		{5CB74573-726A-4373-994D-2E15BF70A488}.Release|Any CPU.Build.0 = Release|Any CPU
	EndGlobalSection
	GlobalSection(SolutionProperties) = preSolution
		HideSolutionNode = FALSE
	EndGlobalSection
	GlobalSection(ExtensibilityGlobals) = postSolution
		SolutionGuid = {7B62AE51-9999-4E37-97D0-B814A0FAE4AD}
	EndGlobalSection
EndGlobal
